
Microsoft Visual Studio Solution File, Format Version 12.00
# Visual Studio Version 17
VisualStudioVersion = 17.10.35027.167
MinimumVisualStudioVersion = 10.0.40219.1
Project("{FAE04EC0-301F-11D3-BF4B-00C04F79EFBC}") = "WpfAppVerifica_Git", "WpfAppVerifica_Git.csproj", "{D5BF7993-6796-42D6-B483-66A179CFBDB2}"
EndProject
Global
	GlobalSection(SolutionConfigurationPlatforms) = preSolution
		Debug|Any CPU = Debug|Any CPU
		Release|Any CPU = Release|Any CPU
	EndGlobalSection
	GlobalSection(ProjectConfigurationPlatforms) = postSolution
		{D5BF7993-6796-42D6-B483-66A179CFBDB2}.Debug|Any CPU.ActiveCfg = Debug|Any CPU
		{D5BF7993-6796-42D6-B483-66A179CFBDB2}.Debug|Any CPU.Build.0 = Debug|Any CPU
		{D5BF7993-6796-42D6-B483-66A179CFBDB2}.Release|Any CPU.ActiveCfg = Release|Any CPU
		{D5BF7993-6796-42D6-B483-66A179CFBDB2}.Release|Any CPU.Build.0 = Release|Any CPU
	EndGlobalSection
	GlobalSection(SolutionProperties) = preSolution
		HideSolutionNode = FALSE
	EndGlobalSection
	GlobalSection(ExtensibilityGlobals) = postSolution
		SolutionGuid = {FE46ADDA-2F25-4F76-9CFF-E19993567673}
	EndGlobalSection
EndGlobal
